
Microsoft Visual Studio Solution File, Format Version 12.00
# Visual Studio Version 16
VisualStudioVersion = 16.0.32630.194
MinimumVisualStudioVersion = 10.0.40219.1
Project("{8BC9CEB8-8B4A-11D0-8D11-00A0C91BC942}") = "ALL_BUILD", "ALL_BUILD.vcxproj", "{66C4DA46-B9A3-329D-9FA8-DDBB0AC65567}"
	ProjectSection(ProjectDependencies) = postProject
		{43EDBAFB-BB34-3CA5-89E2-57AA892DBCCE} = {43EDBAFB-BB34-3CA5-89E2-57AA892DBCCE}
		{537F5A30-B8C4-3CD9-A070-1615782FA8EA} = {537F5A30-B8C4-3CD9-A070-1615782FA8EA}
		{07F1E2CD-3EA3-3348-924D-BA01AF1B4F13} = {07F1E2CD-3EA3-3348-924D-BA01AF1B4F13}
		{CB9F4BF0-F356-34D0-A083-0DED70861449} = {CB9F4BF0-F356-34D0-A083-0DED70861449}
		{F5ADDBCD-D0E8-3CD9-AD51-9F2A3F5499F1} = {F5ADDBCD-D0E8-3CD9-AD51-9F2A3F5499F1}
		{BABB151A-7580-3969-A348-49FCCC1BCFC9} = {BABB151A-7580-3969-A348-49FCCC1BCFC9}
	EndProjectSection
EndProject
Project("{8BC9CEB8-8B4A-11D0-8D11-00A0C91BC942}") = "dncomlib", "dependencies\dncomlib\dncomlib.vcxproj", "{43EDBAFB-BB34-3CA5-89E2-57AA892DBCCE}"
EndProject
Project("{8BC9CEB8-8B4A-11D0-8D11-00A0C91BC942}") = "gl3w", "dependencies\gl3w_out\gl3w.vcxproj", "{537F5A30-B8C4-3CD9-A070-1615782FA8EA}"
EndProject
Project("{8BC9CEB8-8B4A-11D0-8D11-00A0C91BC942}") = "imgui", "dependencies\imgui\imgui.vcxproj", "{07F1E2CD-3EA3-3348-924D-BA01AF1B4F13}"
EndProject
Project("{8BC9CEB8-8B4A-11D0-8D11-00A0C91BC942}") = "osu-cheese-client", "osu-cheese-client\osu-cheese-client.vcxproj", "{CB9F4BF0-F356-34D0-A083-0DED70861449}"
	ProjectSection(ProjectDependencies) = postProject
		{43EDBAFB-BB34-3CA5-89E2-57AA892DBCCE} = {43EDBAFB-BB34-3CA5-89E2-57AA892DBCCE}
		{537F5A30-B8C4-3CD9-A070-1615782FA8EA} = {537F5A30-B8C4-3CD9-A070-1615782FA8EA}
		{07F1E2CD-3EA3-3348-924D-BA01AF1B4F13} = {07F1E2CD-3EA3-3348-924D-BA01AF1B4F13}
		{F5ADDBCD-D0E8-3CD9-AD51-9F2A3F5499F1} = {F5ADDBCD-D0E8-3CD9-AD51-9F2A3F5499F1}
	EndProjectSection
EndProject
Project("{8BC9CEB8-8B4A-11D0-8D11-00A0C91BC942}") = "osu-cheese-framework", "framework\osu-cheese-framework.vcxproj", "{F5ADDBCD-D0E8-3CD9-AD51-9F2A3F5499F1}"
EndProject
Project("{8BC9CEB8-8B4A-11D0-8D11-00A0C91BC942}") = "osu-cheese-loader", "osu-cheese-loader\osu-cheese-loader.vcxproj", "{BABB151A-7580-3969-A348-49FCCC1BCFC9}"
	ProjectSection(ProjectDependencies) = postProject
		{CB9F4BF0-F356-34D0-A083-0DED70861449} = {CB9F4BF0-F356-34D0-A083-0DED70861449}
		{F5ADDBCD-D0E8-3CD9-AD51-9F2A3F5499F1} = {F5ADDBCD-D0E8-3CD9-AD51-9F2A3F5499F1}
	EndProjectSection
EndProject
Global
	GlobalSection(SolutionConfigurationPlatforms) = preSolution
		Debug|x64 = Debug|x64
		MinSizeRel|x64 = MinSizeRel|x64
		Release|x64 = Release|x64
		RelWithDebInfo|x64 = RelWithDebInfo|x64
	EndGlobalSection
	GlobalSection(ProjectConfigurationPlatforms) = postSolution
		{66C4DA46-B9A3-329D-9FA8-DDBB0AC65567}.Debug|x64.ActiveCfg = Debug|x64
		{66C4DA46-B9A3-329D-9FA8-DDBB0AC65567}.MinSizeRel|x64.ActiveCfg = MinSizeRel|x64
		{66C4DA46-B9A3-329D-9FA8-DDBB0AC65567}.Release|x64.ActiveCfg = Release|x64
		{66C4DA46-B9A3-329D-9FA8-DDBB0AC65567}.RelWithDebInfo|x64.ActiveCfg = RelWithDebInfo|x64
		{43EDBAFB-BB34-3CA5-89E2-57AA892DBCCE}.Debug|x64.ActiveCfg = Debug|x64
		{43EDBAFB-BB34-3CA5-89E2-57AA892DBCCE}.Debug|x64.Build.0 = Debug|x64
		{43EDBAFB-BB34-3CA5-89E2-57AA892DBCCE}.MinSizeRel|x64.ActiveCfg = MinSizeRel|x64
		{43EDBAFB-BB34-3CA5-89E2-57AA892DBCCE}.MinSizeRel|x64.Build.0 = MinSizeRel|x64
		{43EDBAFB-BB34-3CA5-89E2-57AA892DBCCE}.Release|x64.ActiveCfg = Release|x64
		{43EDBAFB-BB34-3CA5-89E2-57AA892DBCCE}.Release|x64.Build.0 = Release|x64
		{43EDBAFB-BB34-3CA5-89E2-57AA892DBCCE}.RelWithDebInfo|x64.ActiveCfg = RelWithDebInfo|x64
		{43EDBAFB-BB34-3CA5-89E2-57AA892DBCCE}.RelWithDebInfo|x64.Build.0 = RelWithDebInfo|x64
		{537F5A30-B8C4-3CD9-A070-1615782FA8EA}.Debug|x64.ActiveCfg = Debug|x64
		{537F5A30-B8C4-3CD9-A070-1615782FA8EA}.Debug|x64.Build.0 = Debug|x64
		{537F5A30-B8C4-3CD9-A070-1615782FA8EA}.MinSizeRel|x64.ActiveCfg = MinSizeRel|x64
		{537F5A30-B8C4-3CD9-A070-1615782FA8EA}.MinSizeRel|x64.Build.0 = MinSizeRel|x64
		{537F5A30-B8C4-3CD9-A070-1615782FA8EA}.Release|x64.ActiveCfg = Release|x64
		{537F5A30-B8C4-3CD9-A070-1615782FA8EA}.Release|x64.Build.0 = Release|x64
		{537F5A30-B8C4-3CD9-A070-1615782FA8EA}.RelWithDebInfo|x64.ActiveCfg = RelWithDebInfo|x64
		{537F5A30-B8C4-3CD9-A070-1615782FA8EA}.RelWithDebInfo|x64.Build.0 = RelWithDebInfo|x64
		{07F1E2CD-3EA3-3348-924D-BA01AF1B4F13}.Debug|x64.ActiveCfg = Debug|x64
		{07F1E2CD-3EA3-3348-924D-BA01AF1B4F13}.Debug|x64.Build.0 = Debug|x64
		{07F1E2CD-3EA3-3348-924D-BA01AF1B4F13}.MinSizeRel|x64.ActiveCfg = MinSizeRel|x64
		{07F1E2CD-3EA3-3348-924D-BA01AF1B4F13}.MinSizeRel|x64.Build.0 = MinSizeRel|x64
		{07F1E2CD-3EA3-3348-924D-BA01AF1B4F13}.Release|x64.ActiveCfg = Release|x64
		{07F1E2CD-3EA3-3348-924D-BA01AF1B4F13}.Release|x64.Build.0 = Release|x64
		{07F1E2CD-3EA3-3348-924D-BA01AF1B4F13}.RelWithDebInfo|x64.ActiveCfg = RelWithDebInfo|x64
		{07F1E2CD-3EA3-3348-924D-BA01AF1B4F13}.RelWithDebInfo|x64.Build.0 = RelWithDebInfo|x64
		{CB9F4BF0-F356-34D0-A083-0DED70861449}.Debug|x64.ActiveCfg = Debug|x64
		{CB9F4BF0-F356-34D0-A083-0DED70861449}.Debug|x64.Build.0 = Debug|x64
		{CB9F4BF0-F356-34D0-A083-0DED70861449}.MinSizeRel|x64.ActiveCfg = MinSizeRel|x64
		{CB9F4BF0-F356-34D0-A083-0DED70861449}.MinSizeRel|x64.Build.0 = MinSizeRel|x64
		{CB9F4BF0-F356-34D0-A083-0DED70861449}.Release|x64.ActiveCfg = Release|x64
		{CB9F4BF0-F356-34D0-A083-0DED70861449}.Release|x64.Build.0 = Release|x64
		{CB9F4BF0-F356-34D0-A083-0DED70861449}.RelWithDebInfo|x64.ActiveCfg = RelWithDebInfo|x64
		{CB9F4BF0-F356-34D0-A083-0DED70861449}.RelWithDebInfo|x64.Build.0 = RelWithDebInfo|x64
		{F5ADDBCD-D0E8-3CD9-AD51-9F2A3F5499F1}.Debug|x64.ActiveCfg = Debug|x64
		{F5ADDBCD-D0E8-3CD9-AD51-9F2A3F5499F1}.Debug|x64.Build.0 = Debug|x64
		{F5ADDBCD-D0E8-3CD9-AD51-9F2A3F5499F1}.MinSizeRel|x64.ActiveCfg = MinSizeRel|x64
		{F5ADDBCD-D0E8-3CD9-AD51-9F2A3F5499F1}.MinSizeRel|x64.Build.0 = MinSizeRel|x64
		{F5ADDBCD-D0E8-3CD9-AD51-9F2A3F5499F1}.Release|x64.ActiveCfg = Release|x64
		{F5ADDBCD-D0E8-3CD9-AD51-9F2A3F5499F1}.Release|x64.Build.0 = Release|x64
		{F5ADDBCD-D0E8-3CD9-AD51-9F2A3F5499F1}.RelWithDebInfo|x64.ActiveCfg = RelWithDebInfo|x64
		{F5ADDBCD-D0E8-3CD9-AD51-9F2A3F5499F1}.RelWithDebInfo|x64.Build.0 = RelWithDebInfo|x64
		{BABB151A-7580-3969-A348-49FCCC1BCFC9}.Debug|x64.ActiveCfg = Debug|x64
		{BABB151A-7580-3969-A348-49FCCC1BCFC9}.Debug|x64.Build.0 = Debug|x64
		{BABB151A-7580-3969-A348-49FCCC1BCFC9}.MinSizeRel|x64.ActiveCfg = MinSizeRel|x64
		{BABB151A-7580-3969-A348-49FCCC1BCFC9}.MinSizeRel|x64.Build.0 = MinSizeRel|x64
		{BABB151A-7580-3969-A348-49FCCC1BCFC9}.Release|x64.ActiveCfg = Release|x64
		{BABB151A-7580-3969-A348-49FCCC1BCFC9}.Release|x64.Build.0 = Release|x64
		{BABB151A-7580-3969-A348-49FCCC1BCFC9}.RelWithDebInfo|x64.ActiveCfg = RelWithDebInfo|x64
		{BABB151A-7580-3969-A348-49FCCC1BCFC9}.RelWithDebInfo|x64.Build.0 = RelWithDebInfo|x64
	EndGlobalSection
	GlobalSection(SolutionProperties) = preSolution
		HideSolutionNode = FALSE
	EndGlobalSection
	GlobalSection(ExtensibilityGlobals) = postSolution
		SolutionGuid = {25C04441-E8C4-39A6-99C0-A82D292685A4}
	EndGlobalSection
EndGlobal
